
Microsoft Visual Studio Solution File, Format Version 12.00
# Visual Studio 15
VisualStudioVersion = 15.0.28010.2003
MinimumVisualStudioVersion = 10.0.40219.1
Project("{E24C65DC-7377-472B-9ABA-BC803B73C61A}") = "Authentication", ".", "{4C2E5185-2DEC-4489-BBD0-DD4FDF559C35}"
	ProjectSection(WebsiteProperties) = preProject
		TargetFrameworkMoniker = ".NETFramework,Version%3Dv2.0"
		Debug.AspNetCompiler.VirtualPath = "/localhost_1792"
		Debug.AspNetCompiler.PhysicalPath = "..\Authentication\"
		Debug.AspNetCompiler.TargetPath = "PrecompiledWeb\localhost_1792\"
		Debug.AspNetCompiler.Updateable = "true"
		Debug.AspNetCompiler.ForceOverwrite = "true"
		Debug.AspNetCompiler.FixedNames = "false"
		Debug.AspNetCompiler.Debug = "True"
		Release.AspNetCompiler.VirtualPath = "/localhost_1792"
		Release.AspNetCompiler.PhysicalPath = "..\Authentication\"
		Release.AspNetCompiler.TargetPath = "PrecompiledWeb\localhost_1792\"
		Release.AspNetCompiler.Updateable = "true"
		Release.AspNetCompiler.ForceOverwrite = "true"
		Release.AspNetCompiler.FixedNames = "false"
		Release.AspNetCompiler.Debug = "False"
		VWDPort = "1792"
		SlnRelativePath = "..\Authentication\"
	EndProjectSection
EndProject
Global
	GlobalSection(SolutionConfigurationPlatforms) = preSolution
		Debug|Any CPU = Debug|Any CPU
	EndGlobalSection
	GlobalSection(ProjectConfigurationPlatforms) = postSolution
		{4C2E5185-2DEC-4489-BBD0-DD4FDF559C35}.Debug|Any CPU.ActiveCfg = Debug|Any CPU
		{4C2E5185-2DEC-4489-BBD0-DD4FDF559C35}.Debug|Any CPU.Build.0 = Debug|Any CPU
	EndGlobalSection
	GlobalSection(SolutionProperties) = preSolution
		HideSolutionNode = FALSE
	EndGlobalSection
	GlobalSection(ExtensibilityGlobals) = postSolution
		SolutionGuid = {67CDD022-8AA2-44AF-AC42-18FF9EB17777}
	EndGlobalSection
EndGlobal
